
Microsoft Visual Studio Solution File, Format Version 12.00
# Visual Studio Version 17
VisualStudioVersion = 17.5.33516.290
MinimumVisualStudioVersion = 10.0.40219.1
Project("{9A19103F-16F7-4668-BE54-9A1E7A4F7556}") = "EduPortalAPI", "EduPortalAPI.csproj", "{3E018067-DBA0-4FEA-9828-C7FEDE2B3B7B}"
EndProject
Global
	GlobalSection(SolutionConfigurationPlatforms) = preSolution
		Debug|Any CPU = Debug|Any CPU
		Release|Any CPU = Release|Any CPU
	EndGlobalSection
	GlobalSection(ProjectConfigurationPlatforms) = postSolution
		{3E018067-DBA0-4FEA-9828-C7FEDE2B3B7B}.Debug|Any CPU.ActiveCfg = Debug|Any CPU
		{3E018067-DBA0-4FEA-9828-C7FEDE2B3B7B}.Debug|Any CPU.Build.0 = Debug|Any CPU
		{3E018067-DBA0-4FEA-9828-C7FEDE2B3B7B}.Release|Any CPU.ActiveCfg = Debug|Any CPU
		{3E018067-DBA0-4FEA-9828-C7FEDE2B3B7B}.Release|Any CPU.Build.0 = Debug|Any CPU
	EndGlobalSection
	GlobalSection(SolutionProperties) = preSolution
		HideSolutionNode = FALSE
	EndGlobalSection
	GlobalSection(ExtensibilityGlobals) = postSolution
		SolutionGuid = {F6BB392E-AC49-436E-A1F8-0E15CE8D8D85}
	EndGlobalSection
EndGlobal
